
Microsoft Visual Studio Solution File, Format Version 12.00
# Visual Studio 15
VisualStudioVersion = 15.0.28307.438
MinimumVisualStudioVersion = 10.0.40219.1
Project("{FAE04EC0-301F-11D3-BF4B-00C04F79EFBC}") = "Task1", "Task1\Task1.csproj", "{5FEE1F07-FBC8-4492-A2B2-3BB56CC74C58}"
EndProject
Project("{FAE04EC0-301F-11D3-BF4B-00C04F79EFBC}") = "Task2", "Task2\Task2.csproj", "{3495E026-9018-466D-A0A0-05B5DC2B46C3}"
EndProject
Project("{FAE04EC0-301F-11D3-BF4B-00C04F79EFBC}") = "Task3", "Task3\Task3.csproj", "{A0CFCE71-6D42-4822-A6C6-4353E4F9FFCB}"
EndProject
Project("{FAE04EC0-301F-11D3-BF4B-00C04F79EFBC}") = "Task4", "Task4\Task4.csproj", "{19894F6D-16F5-44D6-955C-D2F281F13C88}"
EndProject
Global
	GlobalSection(SolutionConfigurationPlatforms) = preSolution
		Debug|Any CPU = Debug|Any CPU
		Release|Any CPU = Release|Any CPU
	EndGlobalSection
	GlobalSection(ProjectConfigurationPlatforms) = postSolution
		{5FEE1F07-FBC8-4492-A2B2-3BB56CC74C58}.Debug|Any CPU.ActiveCfg = Debug|Any CPU
		{5FEE1F07-FBC8-4492-A2B2-3BB56CC74C58}.Debug|Any CPU.Build.0 = Debug|Any CPU
		{5FEE1F07-FBC8-4492-A2B2-3BB56CC74C58}.Release|Any CPU.ActiveCfg = Release|Any CPU
		{5FEE1F07-FBC8-4492-A2B2-3BB56CC74C58}.Release|Any CPU.Build.0 = Release|Any CPU
		{3495E026-9018-466D-A0A0-05B5DC2B46C3}.Debug|Any CPU.ActiveCfg = Debug|Any CPU
		{3495E026-9018-466D-A0A0-05B5DC2B46C3}.Debug|Any CPU.Build.0 = Debug|Any CPU
		{3495E026-9018-466D-A0A0-05B5DC2B46C3}.Release|Any CPU.ActiveCfg = Release|Any CPU
		{3495E026-9018-466D-A0A0-05B5DC2B46C3}.Release|Any CPU.Build.0 = Release|Any CPU
		{A0CFCE71-6D42-4822-A6C6-4353E4F9FFCB}.Debug|Any CPU.ActiveCfg = Debug|Any CPU
		{A0CFCE71-6D42-4822-A6C6-4353E4F9FFCB}.Debug|Any CPU.Build.0 = Debug|Any CPU
		{A0CFCE71-6D42-4822-A6C6-4353E4F9FFCB}.Release|Any CPU.ActiveCfg = Release|Any CPU
		{A0CFCE71-6D42-4822-A6C6-4353E4F9FFCB}.Release|Any CPU.Build.0 = Release|Any CPU
		{19894F6D-16F5-44D6-955C-D2F281F13C88}.Debug|Any CPU.ActiveCfg = Debug|Any CPU
		{19894F6D-16F5-44D6-955C-D2F281F13C88}.Debug|Any CPU.Build.0 = Debug|Any CPU
		{19894F6D-16F5-44D6-955C-D2F281F13C88}.Release|Any CPU.ActiveCfg = Release|Any CPU
		{19894F6D-16F5-44D6-955C-D2F281F13C88}.Release|Any CPU.Build.0 = Release|Any CPU
	EndGlobalSection
	GlobalSection(SolutionProperties) = preSolution
		HideSolutionNode = FALSE
	EndGlobalSection
	GlobalSection(ExtensibilityGlobals) = postSolution
		SolutionGuid = {C3EEBDD0-72A2-4F08-947C-2EBC017BC3C6}
	EndGlobalSection
EndGlobal
