
Microsoft Visual Studio Solution File, Format Version 12.00
# Visual Studio 14
VisualStudioVersion = 14.0.24720.0
MinimumVisualStudioVersion = 10.0.40219.1
Project("{FAE04EC0-301F-11D3-BF4B-00C04F79EFBC}") = "Task1", "Task1\Task1.csproj", "{013955E1-9B55-4557-99DB-C85AF4D6F103}"
EndProject
Project("{FAE04EC0-301F-11D3-BF4B-00C04F79EFBC}") = "Task2", "Task2\Task2.csproj", "{956E72E5-0545-4BDE-B8C2-59E3F1A54CB9}"
EndProject
Project("{FAE04EC0-301F-11D3-BF4B-00C04F79EFBC}") = "Task3", "Task3\Task3.csproj", "{369C39E5-7F16-42B3-A628-1514FF4E178E}"
EndProject
Global
	GlobalSection(SolutionConfigurationPlatforms) = preSolution
		Debug|Any CPU = Debug|Any CPU
		Release|Any CPU = Release|Any CPU
	EndGlobalSection
	GlobalSection(ProjectConfigurationPlatforms) = postSolution
		{013955E1-9B55-4557-99DB-C85AF4D6F103}.Debug|Any CPU.ActiveCfg = Debug|Any CPU
		{013955E1-9B55-4557-99DB-C85AF4D6F103}.Debug|Any CPU.Build.0 = Debug|Any CPU
		{013955E1-9B55-4557-99DB-C85AF4D6F103}.Release|Any CPU.ActiveCfg = Release|Any CPU
		{013955E1-9B55-4557-99DB-C85AF4D6F103}.Release|Any CPU.Build.0 = Release|Any CPU
		{956E72E5-0545-4BDE-B8C2-59E3F1A54CB9}.Debug|Any CPU.ActiveCfg = Debug|Any CPU
		{956E72E5-0545-4BDE-B8C2-59E3F1A54CB9}.Debug|Any CPU.Build.0 = Debug|Any CPU
		{956E72E5-0545-4BDE-B8C2-59E3F1A54CB9}.Release|Any CPU.ActiveCfg = Release|Any CPU
		{956E72E5-0545-4BDE-B8C2-59E3F1A54CB9}.Release|Any CPU.Build.0 = Release|Any CPU
		{369C39E5-7F16-42B3-A628-1514FF4E178E}.Debug|Any CPU.ActiveCfg = Debug|Any CPU
		{369C39E5-7F16-42B3-A628-1514FF4E178E}.Debug|Any CPU.Build.0 = Debug|Any CPU
		{369C39E5-7F16-42B3-A628-1514FF4E178E}.Release|Any CPU.ActiveCfg = Release|Any CPU
		{369C39E5-7F16-42B3-A628-1514FF4E178E}.Release|Any CPU.Build.0 = Release|Any CPU
	EndGlobalSection
	GlobalSection(SolutionProperties) = preSolution
		HideSolutionNode = FALSE
	EndGlobalSection
EndGlobal
